version = 1
revision = 3
requires-python = ">=3.12"

[[package]]
name = "scanurl"
version = "0.1.0"
source = { virtual = "." }
dependencies = [
    { name = "tld" },
]

[package.metadata]
requires-dist = [{ name = "tld", specifier = ">=0.13.1" }]

[[package]]
name = "tld"
version = "0.13.1"
source = { registry = "https://pypi.org/simple" }
sdist = { url = "https://files.pythonhosted.org/packages/df/a1/5723b07a70c1841a80afc9ac572fdf53488306848d844cd70519391b0d26/tld-0.13.1.tar.gz", hash = "sha256:75ec00936cbcf564f67361c41713363440b6c4ef0f0c1592b5b0fbe72c17a350", size = 462000, upload-time = "2025-05-21T22:18:29.341Z" }
wheels = [
    { url = "https://files.pythonhosted.org/packages/dc/70/b2f38360c3fc4bc9b5e8ef429e1fde63749144ac583c2dbdf7e21e27a9ad/tld-0.13.1-py2.py3-none-any.whl", hash = "sha256:a2d35109433ac83486ddf87e3c4539ab2c5c2478230e5d9c060a18af4b03aa7c", size = 274718, upload-time = "2025-05-21T22:18:25.811Z" },
]
